
Microsoft Visual Studio Solution File, Format Version 12.00
# Visual Studio Version 16
VisualStudioVersion = 16.0.31025.194
MinimumVisualStudioVersion = 10.0.40219.1
Project("{FAE04EC0-301F-11D3-BF4B-00C04F79EFBC}") = "Aula04 - Exec", "Aula04 - Exec\Aula04 - Exec.csproj", "{07B74B5B-DC8F-4D28-9F3A-5B507BF558B8}"
EndProject
Global
	GlobalSection(SolutionConfigurationPlatforms) = preSolution
		Debug|Any CPU = Debug|Any CPU
		Release|Any CPU = Release|Any CPU
	EndGlobalSection
	GlobalSection(ProjectConfigurationPlatforms) = postSolution
		{07B74B5B-DC8F-4D28-9F3A-5B507BF558B8}.Debug|Any CPU.ActiveCfg = Debug|Any CPU
		{07B74B5B-DC8F-4D28-9F3A-5B507BF558B8}.Debug|Any CPU.Build.0 = Debug|Any CPU
		{07B74B5B-DC8F-4D28-9F3A-5B507BF558B8}.Release|Any CPU.ActiveCfg = Release|Any CPU
		{07B74B5B-DC8F-4D28-9F3A-5B507BF558B8}.Release|Any CPU.Build.0 = Release|Any CPU
	EndGlobalSection
	GlobalSection(SolutionProperties) = preSolution
		HideSolutionNode = FALSE
	EndGlobalSection
	GlobalSection(ExtensibilityGlobals) = postSolution
		SolutionGuid = {D314EF2B-107D-4BCC-A607-40C44D1925D9}
	EndGlobalSection
EndGlobal
