
Microsoft Visual Studio Solution File, Format Version 12.00
# Visual Studio Version 16
VisualStudioVersion = 16.0.31205.134
MinimumVisualStudioVersion = 10.0.40219.1
Project("{FAE04EC0-301F-11D3-BF4B-00C04F79EFBC}") = "Matrizes-FRQ5", "Matrizes-FRQ5.csproj", "{A12EC175-F239-4AEC-A2FA-DF933A183160}"
EndProject
Global
	GlobalSection(SolutionConfigurationPlatforms) = preSolution
		Debug|Any CPU = Debug|Any CPU
		Release|Any CPU = Release|Any CPU
	EndGlobalSection
	GlobalSection(ProjectConfigurationPlatforms) = postSolution
		{A12EC175-F239-4AEC-A2FA-DF933A183160}.Debug|Any CPU.ActiveCfg = Debug|Any CPU
		{A12EC175-F239-4AEC-A2FA-DF933A183160}.Debug|Any CPU.Build.0 = Debug|Any CPU
		{A12EC175-F239-4AEC-A2FA-DF933A183160}.Release|Any CPU.ActiveCfg = Release|Any CPU
		{A12EC175-F239-4AEC-A2FA-DF933A183160}.Release|Any CPU.Build.0 = Release|Any CPU
	EndGlobalSection
	GlobalSection(SolutionProperties) = preSolution
		HideSolutionNode = FALSE
	EndGlobalSection
	GlobalSection(ExtensibilityGlobals) = postSolution
		SolutionGuid = {7F796A2D-09F7-4B21-B56B-F2EA9B662F65}
	EndGlobalSection
EndGlobal
